
Microsoft Visual Studio Solution File, Format Version 12.00
# Visual Studio 2012
Project("{8BC9CEB8-8B4A-11D0-8D11-00A0C91BC942}") = "barn", "barn\barn.vcxproj", "{EB56E4E7-2DC9-4E50-971C-BC1AD3EC4BED}"
EndProject
Project("{8BC9CEB8-8B4A-11D0-8D11-00A0C91BC942}") = "vtdfh", "vtdfh\vtdfh.vcxproj", "{EB5753E7-2DC9-4E50-971C-BC1AC5EC4BED}"
EndProject
Project("{8BC9CEB8-8B4A-11D0-8D11-00A0C91BC942}") = "cyberhackerspace", "cyberhackerspace\cyberhackerspace.vcxproj", "{EB5353E7-ADC9-4E51-974C-BCAAC5EC4BED}"
EndProject
Global
	GlobalSection(SolutionConfigurationPlatforms) = preSolution
		Debug|Win32 = Debug|Win32
		Debug|x64 = Debug|x64
		Release|Win32 = Release|Win32
		Release|x64 = Release|x64
	EndGlobalSection
	GlobalSection(ProjectConfigurationPlatforms) = postSolution
		{EB5353E7-ADC9-4E51-974C-BCAAC5EC4BED}.Debug|Win32.ActiveCfg = Debug|Win32
		{EB5353E7-ADC9-4E51-974C-BCAAC5EC4BED}.Debug|Win32.Build.0 = Debug|Win32
		{EB5353E7-ADC9-4E51-974C-BCAAC5EC4BED}.Debug|x64.ActiveCfg = Debug|x64
		{EB5353E7-ADC9-4E51-974C-BCAAC5EC4BED}.Debug|x64.Build.0 = Debug|x64
		{EB5353E7-ADC9-4E51-974C-BCAAC5EC4BED}.Release|Win32.ActiveCfg = Release|Win32
		{EB5353E7-ADC9-4E51-974C-BCAAC5EC4BED}.Release|Win32.Build.0 = Release|Win32
		{EB5353E7-ADC9-4E51-974C-BCAAC5EC4BED}.Release|x64.ActiveCfg = Release|x64
		{EB5353E7-ADC9-4E51-974C-BCAAC5EC4BED}.Release|x64.Build.0 = Release|x64
		{EB56E4E7-2DC9-4E50-971C-BC1AD3EC4BED}.Debug|Win32.ActiveCfg = Debug|Win32
		{EB56E4E7-2DC9-4E50-971C-BC1AD3EC4BED}.Debug|Win32.Build.0 = Debug|Win32
		{EB56E4E7-2DC9-4E50-971C-BC1AD3EC4BED}.Debug|x64.ActiveCfg = Debug|x64
		{EB56E4E7-2DC9-4E50-971C-BC1AD3EC4BED}.Debug|x64.Build.0 = Debug|x64
		{EB56E4E7-2DC9-4E50-971C-BC1AD3EC4BED}.Release|Win32.ActiveCfg = Release|Win32
		{EB56E4E7-2DC9-4E50-971C-BC1AD3EC4BED}.Release|Win32.Build.0 = Release|Win32
		{EB56E4E7-2DC9-4E50-971C-BC1AD3EC4BED}.Release|x64.ActiveCfg = Release|x64
		{EB56E4E7-2DC9-4E50-971C-BC1AD3EC4BED}.Release|x64.Build.0 = Release|x64
		{EB5753E7-2DC9-4E50-971C-BC1AC5EC4BED}.Debug|Win32.ActiveCfg = Debug|Win32
		{EB5753E7-2DC9-4E50-971C-BC1AC5EC4BED}.Debug|Win32.Build.0 = Debug|Win32
		{EB5753E7-2DC9-4E50-971C-BC1AC5EC4BED}.Debug|x64.ActiveCfg = Debug|x64
		{EB5753E7-2DC9-4E50-971C-BC1AC5EC4BED}.Debug|x64.Build.0 = Debug|x64
		{EB5753E7-2DC9-4E50-971C-BC1AC5EC4BED}.Release|Win32.ActiveCfg = Release|Win32
		{EB5753E7-2DC9-4E50-971C-BC1AC5EC4BED}.Release|Win32.Build.0 = Release|Win32
		{EB5753E7-2DC9-4E50-971C-BC1AC5EC4BED}.Release|x64.ActiveCfg = Release|x64
		{EB5753E7-2DC9-4E50-971C-BC1AC5EC4BED}.Release|x64.Build.0 = Release|x64
	EndGlobalSection
	GlobalSection(SolutionProperties) = preSolution
		HideSolutionNode = FALSE
	EndGlobalSection
EndGlobal
